// !$*UTF8*$!
{
	archiveVersion = 1;
	classes = {
	};
	objectVersion = 51;
	objects = {

/* Begin PBXBuildFile section */
		1275575694DCEFFEF83CDD75 /* Pods_AppStoreJSON.framework in Frameworks */ = {isa = PBXBuildFile; fileRef = 6A7B790580041D04DC45B29A /* Pods_AppStoreJSON.framework */; };
		D986F2A52563F0B200995F18 /* Service.swift in Sources */ = {isa = PBXBuildFile; fileRef = D986F2A42563F0B200995F18 /* Service.swift */; };
		D9A13CAF2564125D00A817A7 /* AppsPageController.swift in Sources */ = {isa = PBXBuildFile; fileRef = D9A13CAE2564125D00A817A7 /* AppsPageController.swift */; };
		D9A13CB2256414D400A817A7 /* BaseListController.swift in Sources */ = {isa = PBXBuildFile; fileRef = D9A13CB1256414D400A817A7 /* BaseListController.swift */; };
		D9A13CB9256416C900A817A7 /* AppsGroupCell.swift in Sources */ = {isa = PBXBuildFile; fileRef = D9A13CB8256416C900A817A7 /* AppsGroupCell.swift */; };
		D9A13CBC25641DD800A817A7 /* AppsHorizontalController.swift in Sources */ = {isa = PBXBuildFile; fileRef = D9A13CBB25641DD800A817A7 /* AppsHorizontalController.swift */; };
		D9ABBB4C2561523100D8A421 /* AppDelegate.swift in Sources */ = {isa = PBXBuildFile; fileRef = D9ABBB4B2561523100D8A421 /* AppDelegate.swift */; };
		D9ABBB4E2561523100D8A421 /* SceneDelegate.swift in Sources */ = {isa = PBXBuildFile; fileRef = D9ABBB4D2561523100D8A421 /* SceneDelegate.swift */; };
		D9ABBB502561523100D8A421 /* BaseTabBarController.swift in Sources */ = {isa = PBXBuildFile; fileRef = D9ABBB4F2561523100D8A421 /* BaseTabBarController.swift */; };
		D9ABBB532561523100D8A421 /* Main.storyboard in Resources */ = {isa = PBXBuildFile; fileRef = D9ABBB512561523100D8A421 /* Main.storyboard */; };
		D9ABBB552561523100D8A421 /* Assets.xcassets in Resources */ = {isa = PBXBuildFile; fileRef = D9ABBB542561523100D8A421 /* Assets.xcassets */; };
		D9ABBB582561523100D8A421 /* LaunchScreen.storyboard in Resources */ = {isa = PBXBuildFile; fileRef = D9ABBB562561523100D8A421 /* LaunchScreen.storyboard */; };
		D9ABBB62256153CD00D8A421 /* AppsSearchController.swift in Sources */ = {isa = PBXBuildFile; fileRef = D9ABBB61256153CD00D8A421 /* AppsSearchController.swift */; };
		D9ABBB68256155DD00D8A421 /* SearchResultCell.swift in Sources */ = {isa = PBXBuildFile; fileRef = D9ABBB67256155DD00D8A421 /* SearchResultCell.swift */; };
		D9ABBB6D25615C3700D8A421 /* 05_UIView+Layout.swift in Sources */ = {isa = PBXBuildFile; fileRef = D9ABBB6C25615C3700D8A421 /* 05_UIView+Layout.swift */; };
		D9ABBB702561610A00D8A421 /* VerticalStackView.swift in Sources */ = {isa = PBXBuildFile; fileRef = D9ABBB6F2561610A00D8A421 /* VerticalStackView.swift */; };
		D9ABBB75256185B300D8A421 /* SearchResult.swift in Sources */ = {isa = PBXBuildFile; fileRef = D9ABBB74256185B300D8A421 /* SearchResult.swift */; };
		D9C80F722564303E0003FA0E /* AppRowCell.swift in Sources */ = {isa = PBXBuildFile; fileRef = D9C80F712564303E0003FA0E /* AppRowCell.swift */; };
		D9C80F75256430E40003FA0E /* Extentions.swift in Sources */ = {isa = PBXBuildFile; fileRef = D9C80F74256430E40003FA0E /* Extentions.swift */; };
		D9C80F7925643A3E0003FA0E /* AppsPageHeader.swift in Sources */ = {isa = PBXBuildFile; fileRef = D9C80F7825643A3E0003FA0E /* AppsPageHeader.swift */; };
		D9C80F7C25643C4A0003FA0E /* AppsHeaderHorizontalController.swift in Sources */ = {isa = PBXBuildFile; fileRef = D9C80F7B25643C4A0003FA0E /* AppsHeaderHorizontalController.swift */; };
		D9C80F7F25643F620003FA0E /* AppHeaderCell.swift in Sources */ = {isa = PBXBuildFile; fileRef = D9C80F7E25643F620003FA0E /* AppHeaderCell.swift */; };
		D9C80F82256449340003FA0E /* AppGroup.swift in Sources */ = {isa = PBXBuildFile; fileRef = D9C80F81256449340003FA0E /* AppGroup.swift */; };
		D9C80F89256481280003FA0E /* SocialApp.swift in Sources */ = {isa = PBXBuildFile; fileRef = D9C80F88256481280003FA0E /* SocialApp.swift */; };
/* End PBXBuildFile section */

/* Begin PBXFileReference section */
		3817D3FFC92558AF237D056D /* Pods-AppStoreJSON.debug.xcconfig */ = {isa = PBXFileReference; includeInIndex = 1; lastKnownFileType = text.xcconfig; name = "Pods-AppStoreJSON.debug.xcconfig"; path = "Target Support Files/Pods-AppStoreJSON/Pods-AppStoreJSON.debug.xcconfig"; sourceTree = "<group>"; };
		6A7B790580041D04DC45B29A /* Pods_AppStoreJSON.framework */ = {isa = PBXFileReference; explicitFileType = wrapper.framework; includeInIndex = 0; path = Pods_AppStoreJSON.framework; sourceTree = BUILT_PRODUCTS_DIR; };
		D986F2A42563F0B200995F18 /* Service.swift */ = {isa = PBXFileReference; lastKnownFileType = sourcecode.swift; path = Service.swift; sourceTree = "<group>"; };
		D9A13CAE2564125D00A817A7 /* AppsPageController.swift */ = {isa = PBXFileReference; lastKnownFileType = sourcecode.swift; path = AppsPageController.swift; sourceTree = "<group>"; };
		D9A13CB1256414D400A817A7 /* BaseListController.swift */ = {isa = PBXFileReference; lastKnownFileType = sourcecode.swift; path = BaseListController.swift; sourceTree = "<group>"; };
		D9A13CB8256416C900A817A7 /* AppsGroupCell.swift */ = {isa = PBXFileReference; lastKnownFileType = sourcecode.swift; path = AppsGroupCell.swift; sourceTree = "<group>"; };
		D9A13CBB25641DD800A817A7 /* AppsHorizontalController.swift */ = {isa = PBXFileReference; lastKnownFileType = sourcecode.swift; path = AppsHorizontalController.swift; sourceTree = "<group>"; };
		D9ABBB482561523100D8A421 /* AppStoreJSON.app */ = {isa = PBXFileReference; explicitFileType = wrapper.application; includeInIndex = 0; path = AppStoreJSON.app; sourceTree = BUILT_PRODUCTS_DIR; };
		D9ABBB4B2561523100D8A421 /* AppDelegate.swift */ = {isa = PBXFileReference; lastKnownFileType = sourcecode.swift; path = AppDelegate.swift; sourceTree = "<group>"; };
		D9ABBB4D2561523100D8A421 /* SceneDelegate.swift */ = {isa = PBXFileReference; lastKnownFileType = sourcecode.swift; path = SceneDelegate.swift; sourceTree = "<group>"; };
		D9ABBB4F2561523100D8A421 /* BaseTabBarController.swift */ = {isa = PBXFileReference; lastKnownFileType = sourcecode.swift; path = BaseTabBarController.swift; sourceTree = "<group>"; };
		D9ABBB522561523100D8A421 /* Base */ = {isa = PBXFileReference; lastKnownFileType = file.storyboard; name = Base; path = Base.lproj/Main.storyboard; sourceTree = "<group>"; };
		D9ABBB542561523100D8A421 /* Assets.xcassets */ = {isa = PBXFileReference; lastKnownFileType = folder.assetcatalog; path = Assets.xcassets; sourceTree = "<group>"; };
		D9ABBB572561523100D8A421 /* Base */ = {isa = PBXFileReference; lastKnownFileType = file.storyboard; name = Base; path = Base.lproj/LaunchScreen.storyboard; sourceTree = "<group>"; };
		D9ABBB592561523100D8A421 /* Info.plist */ = {isa = PBXFileReference; lastKnownFileType = text.plist.xml; path = Info.plist; sourceTree = "<group>"; };
		D9ABBB61256153CD00D8A421 /* AppsSearchController.swift */ = {isa = PBXFileReference; lastKnownFileType = sourcecode.swift; path = AppsSearchController.swift; sourceTree = "<group>"; };
		D9ABBB67256155DD00D8A421 /* SearchResultCell.swift */ = {isa = PBXFileReference; lastKnownFileType = sourcecode.swift; path = SearchResultCell.swift; sourceTree = "<group>"; };
		D9ABBB6C25615C3700D8A421 /* 05_UIView+Layout.swift */ = {isa = PBXFileReference; fileEncoding = 4; lastKnownFileType = sourcecode.swift; path = "05_UIView+Layout.swift"; sourceTree = "<group>"; };
		D9ABBB6F2561610A00D8A421 /* VerticalStackView.swift */ = {isa = PBXFileReference; lastKnownFileType = sourcecode.swift; path = VerticalStackView.swift; sourceTree = "<group>"; };
		D9ABBB74256185B300D8A421 /* SearchResult.swift */ = {isa = PBXFileReference; lastKnownFileType = sourcecode.swift; path = SearchResult.swift; sourceTree = "<group>"; };
		D9C80F712564303E0003FA0E /* AppRowCell.swift */ = {isa = PBXFileReference; lastKnownFileType = sourcecode.swift; path = AppRowCell.swift; sourceTree = "<group>"; };
		D9C80F74256430E40003FA0E /* Extentions.swift */ = {isa = PBXFileReference; lastKnownFileType = sourcecode.swift; path = Extentions.swift; sourceTree = "<group>"; };
		D9C80F7825643A3E0003FA0E /* AppsPageHeader.swift */ = {isa = PBXFileReference; lastKnownFileType = sourcecode.swift; path = AppsPageHeader.swift; sourceTree = "<group>"; };
		D9C80F7B25643C4A0003FA0E /* AppsHeaderHorizontalController.swift */ = {isa = PBXFileReference; lastKnownFileType = sourcecode.swift; path = AppsHeaderHorizontalController.swift; sourceTree = "<group>"; };
		D9C80F7E25643F620003FA0E /* AppHeaderCell.swift */ = {isa = PBXFileReference; lastKnownFileType = sourcecode.swift; path = AppHeaderCell.swift; sourceTree = "<group>"; };
		D9C80F81256449340003FA0E /* AppGroup.swift */ = {isa = PBXFileReference; lastKnownFileType = sourcecode.swift; path = AppGroup.swift; sourceTree = "<group>"; };
		D9C80F88256481280003FA0E /* SocialApp.swift */ = {isa = PBXFileReference; lastKnownFileType = sourcecode.swift; path = SocialApp.swift; sourceTree = "<group>"; };
		ECA1DB0C3CE007525580D644 /* Pods-AppStoreJSON.release.xcconfig */ = {isa = PBXFileReference; includeInIndex = 1; lastKnownFileType = text.xcconfig; name = "Pods-AppStoreJSON.release.xcconfig"; path = "Target Support Files/Pods-AppStoreJSON/Pods-AppStoreJSON.release.xcconfig"; sourceTree = "<group>"; };
/* End PBXFileReference section */

/* Begin PBXFrameworksBuildPhase section */
		D9ABBB452561523100D8A421 /* Frameworks */ = {
			isa = PBXFrameworksBuildPhase;
			buildActionMask = 2147483647;
			files = (
				1275575694DCEFFEF83CDD75 /* Pods_AppStoreJSON.framework in Frameworks */,
			);
			runOnlyForDeploymentPostprocessing = 0;
		};
/* End PBXFrameworksBuildPhase section */

/* Begin PBXGroup section */
		0048FAE39AA1E17DB9F3C85E /* Frameworks */ = {
			isa = PBXGroup;
			children = (
				6A7B790580041D04DC45B29A /* Pods_AppStoreJSON.framework */,
			);
			name = Frameworks;
			sourceTree = "<group>";
		};
		5E5E4B1732CC4D16C2D36BC4 /* Pods */ = {
			isa = PBXGroup;
			children = (
				3817D3FFC92558AF237D056D /* Pods-AppStoreJSON.debug.xcconfig */,
				ECA1DB0C3CE007525580D644 /* Pods-AppStoreJSON.release.xcconfig */,
			);
			path = Pods;
			sourceTree = "<group>";
		};
		D986F2A32563F09800995F18 /* Services */ = {
			isa = PBXGroup;
			children = (
				D986F2A42563F0B200995F18 /* Service.swift */,
			);
			path = Services;
			sourceTree = "<group>";
		};
		D9A13CB42564158900A817A7 /* Apps */ = {
			isa = PBXGroup;
			children = (
				D9A13CAE2564125D00A817A7 /* AppsPageController.swift */,
				D9A13CBB25641DD800A817A7 /* AppsHorizontalController.swift */,
				D9C80F7B25643C4A0003FA0E /* AppsHeaderHorizontalController.swift */,
			);
			path = Apps;
			sourceTree = "<group>";
		};
		D9A13CB52564158E00A817A7 /* Search */ = {
			isa = PBXGroup;
			children = (
				D9ABBB61256153CD00D8A421 /* AppsSearchController.swift */,
			);
			path = Search;
			sourceTree = "<group>";
		};
		D9A13CB7256416B400A817A7 /* Apps */ = {
			isa = PBXGroup;
			children = (
				D9A13CB8256416C900A817A7 /* AppsGroupCell.swift */,
				D9C80F712564303E0003FA0E /* AppRowCell.swift */,
				D9C80F7825643A3E0003FA0E /* AppsPageHeader.swift */,
				D9C80F7E25643F620003FA0E /* AppHeaderCell.swift */,
			);
			path = Apps;
			sourceTree = "<group>";
		};
		D9ABBB3F2561523100D8A421 = {
			isa = PBXGroup;
			children = (
				D9ABBB4A2561523100D8A421 /* AppStoreJSON */,
				D9ABBB492561523100D8A421 /* Products */,
				5E5E4B1732CC4D16C2D36BC4 /* Pods */,
				0048FAE39AA1E17DB9F3C85E /* Frameworks */,
			);
			sourceTree = "<group>";
		};
		D9ABBB492561523100D8A421 /* Products */ = {
			isa = PBXGroup;
			children = (
				D9ABBB482561523100D8A421 /* AppStoreJSON.app */,
			);
			name = Products;
			sourceTree = "<group>";
		};
		D9ABBB4A2561523100D8A421 /* AppStoreJSON */ = {
			isa = PBXGroup;
			children = (
				D9ABBB732561859300D8A421 /* Supporting Files */,
				D986F2A32563F09800995F18 /* Services */,
				D9ABBB6B25615C1700D8A421 /* Helpers */,
				D9ABBB722561858900D8A421 /* Models */,
				D9ABBB66256155B900D8A421 /* View */,
				D9ABBB65256155A900D8A421 /* Controllers */,
				D9ABBB512561523100D8A421 /* Main.storyboard */,
				D9ABBB542561523100D8A421 /* Assets.xcassets */,
				D9ABBB562561523100D8A421 /* LaunchScreen.storyboard */,
				D9ABBB592561523100D8A421 /* Info.plist */,
			);
			path = AppStoreJSON;
			sourceTree = "<group>";
		};
		D9ABBB65256155A900D8A421 /* Controllers */ = {
			isa = PBXGroup;
			children = (
				D9A13CB52564158E00A817A7 /* Search */,
				D9A13CB42564158900A817A7 /* Apps */,
				D9ABBB4F2561523100D8A421 /* BaseTabBarController.swift */,
				D9A13CB1256414D400A817A7 /* BaseListController.swift */,
			);
			path = Controllers;
			sourceTree = "<group>";
		};
		D9ABBB66256155B900D8A421 /* View */ = {
			isa = PBXGroup;
			children = (
				D9A13CB7256416B400A817A7 /* Apps */,
				D9ABBB67256155DD00D8A421 /* SearchResultCell.swift */,
			);
			path = View;
			sourceTree = "<group>";
		};
		D9ABBB6B25615C1700D8A421 /* Helpers */ = {
			isa = PBXGroup;
			children = (
				D9ABBB6C25615C3700D8A421 /* 05_UIView+Layout.swift */,
				D9ABBB6F2561610A00D8A421 /* VerticalStackView.swift */,
				D9C80F74256430E40003FA0E /* Extentions.swift */,
			);
			path = Helpers;
			sourceTree = "<group>";
		};
		D9ABBB722561858900D8A421 /* Models */ = {
			isa = PBXGroup;
			children = (
				D9ABBB74256185B300D8A421 /* SearchResult.swift */,
				D9C80F81256449340003FA0E /* AppGroup.swift */,
				D9C80F88256481280003FA0E /* SocialApp.swift */,
			);
			path = Models;
			sourceTree = "<group>";
		};
		D9ABBB732561859300D8A421 /* Supporting Files */ = {
			isa = PBXGroup;
			children = (
				D9ABBB4B2561523100D8A421 /* AppDelegate.swift */,
				D9ABBB4D2561523100D8A421 /* SceneDelegate.swift */,
			);
			path = "Supporting Files";
			sourceTree = "<group>";
		};
/* End PBXGroup section */

/* Begin PBXNativeTarget section */
		D9ABBB472561523100D8A421 /* AppStoreJSON */ = {
			isa = PBXNativeTarget;
			buildConfigurationList = D9ABBB5C2561523100D8A421 /* Build configuration list for PBXNativeTarget "AppStoreJSON" */;
			buildPhases = (
				35B12C007972C6A9FDF69C53 /* [CP] Check Pods Manifest.lock */,
				D9ABBB442561523100D8A421 /* Sources */,
				D9ABBB452561523100D8A421 /* Frameworks */,
				D9ABBB462561523100D8A421 /* Resources */,
				DB376A2F37FB1759BE6E8BC1 /* [CP] Embed Pods Frameworks */,
			);
			buildRules = (
			);
			dependencies = (
			);
			name = AppStoreJSON;
			productName = AppStoreJSON;
			productReference = D9ABBB482561523100D8A421 /* AppStoreJSON.app */;
			productType = "com.apple.product-type.application";
		};
/* End PBXNativeTarget section */

/* Begin PBXProject section */
		D9ABBB402561523100D8A421 /* Project object */ = {
			isa = PBXProject;
			attributes = {
				LastSwiftUpdateCheck = 1220;
				LastUpgradeCheck = 1220;
				TargetAttributes = {
					D9ABBB472561523100D8A421 = {
						CreatedOnToolsVersion = 12.2;
					};
				};
			};
			buildConfigurationList = D9ABBB432561523100D8A421 /* Build configuration list for PBXProject "AppStoreJSON" */;
			compatibilityVersion = "Xcode 9.3";
			developmentRegion = en;
			hasScannedForEncodings = 0;
			knownRegions = (
				en,
				Base,
			);
			mainGroup = D9ABBB3F2561523100D8A421;
			productRefGroup = D9ABBB492561523100D8A421 /* Products */;
			projectDirPath = "";
			projectRoot = "";
			targets = (
				D9ABBB472561523100D8A421 /* AppStoreJSON */,
			);
		};
/* End PBXProject section */

/* Begin PBXResourcesBuildPhase section */
		D9ABBB462561523100D8A421 /* Resources */ = {
			isa = PBXResourcesBuildPhase;
			buildActionMask = 2147483647;
			files = (
				D9ABBB582561523100D8A421 /* LaunchScreen.storyboard in Resources */,
				D9ABBB552561523100D8A421 /* Assets.xcassets in Resources */,
				D9ABBB532561523100D8A421 /* Main.storyboard in Resources */,
			);
			runOnlyForDeploymentPostprocessing = 0;
		};
/* End PBXResourcesBuildPhase section */

/* Begin PBXShellScriptBuildPhase section */
		35B12C007972C6A9FDF69C53 /* [CP] Check Pods Manifest.lock */ = {
			isa = PBXShellScriptBuildPhase;
			buildActionMask = 2147483647;
			files = (
			);
			inputFileListPaths = (
			);
			inputPaths = (
				"${PODS_PODFILE_DIR_PATH}/Podfile.lock",
				"${PODS_ROOT}/Manifest.lock",
			);
			name = "[CP] Check Pods Manifest.lock";
			outputFileListPaths = (
			);
			outputPaths = (
				"$(DERIVED_FILE_DIR)/Pods-AppStoreJSON-checkManifestLockResult.txt",
			);
			runOnlyForDeploymentPostprocessing = 0;
			shellPath = /bin/sh;
			shellScript = "diff \"${PODS_PODFILE_DIR_PATH}/Podfile.lock\" \"${PODS_ROOT}/Manifest.lock\" > /dev/null\nif [ $? != 0 ] ; then\n    # print error to STDERR\n    echo \"error: The sandbox is not in sync with the Podfile.lock. Run 'pod install' or update your CocoaPods installation.\" >&2\n    exit 1\nfi\n# This output is used by Xcode 'outputs' to avoid re-running this script phase.\necho \"SUCCESS\" > \"${SCRIPT_OUTPUT_FILE_0}\"\n";
			showEnvVarsInLog = 0;
		};
		DB376A2F37FB1759BE6E8BC1 /* [CP] Embed Pods Frameworks */ = {
			isa = PBXShellScriptBuildPhase;
			buildActionMask = 2147483647;
			files = (
			);
			inputFileListPaths = (
				"${PODS_ROOT}/Target Support Files/Pods-AppStoreJSON/Pods-AppStoreJSON-frameworks-${CONFIGURATION}-input-files.xcfilelist",
			);
			name = "[CP] Embed Pods Frameworks";
			outputFileListPaths = (
				"${PODS_ROOT}/Target Support Files/Pods-AppStoreJSON/Pods-AppStoreJSON-frameworks-${CONFIGURATION}-output-files.xcfilelist",
			);
			runOnlyForDeploymentPostprocessing = 0;
			shellPath = /bin/sh;
			shellScript = "\"${PODS_ROOT}/Target Support Files/Pods-AppStoreJSON/Pods-AppStoreJSON-frameworks.sh\"\n";
			showEnvVarsInLog = 0;
		};
/* End PBXShellScriptBuildPhase section */

/* Begin PBXSourcesBuildPhase section */
		D9ABBB442561523100D8A421 /* Sources */ = {
			isa = PBXSourcesBuildPhase;
			buildActionMask = 2147483647;
			files = (
				D9C80F7F25643F620003FA0E /* AppHeaderCell.swift in Sources */,
				D9ABBB502561523100D8A421 /* BaseTabBarController.swift in Sources */,
				D9C80F89256481280003FA0E /* SocialApp.swift in Sources */,
				D9A13CAF2564125D00A817A7 /* AppsPageController.swift in Sources */,
				D9C80F82256449340003FA0E /* AppGroup.swift in Sources */,
				D9C80F75256430E40003FA0E /* Extentions.swift in Sources */,
				D9ABBB6D25615C3700D8A421 /* 05_UIView+Layout.swift in Sources */,
				D9ABBB75256185B300D8A421 /* SearchResult.swift in Sources */,
				D9ABBB4C2561523100D8A421 /* AppDelegate.swift in Sources */,
				D9A13CB2256414D400A817A7 /* BaseListController.swift in Sources */,
				D9C80F722564303E0003FA0E /* AppRowCell.swift in Sources */,
				D9ABBB4E2561523100D8A421 /* SceneDelegate.swift in Sources */,
				D9C80F7925643A3E0003FA0E /* AppsPageHeader.swift in Sources */,
				D9A13CB9256416C900A817A7 /* AppsGroupCell.swift in Sources */,
				D986F2A52563F0B200995F18 /* Service.swift in Sources */,
				D9ABBB62256153CD00D8A421 /* AppsSearchController.swift in Sources */,
				D9ABBB68256155DD00D8A421 /* SearchResultCell.swift in Sources */,
				D9A13CBC25641DD800A817A7 /* AppsHorizontalController.swift in Sources */,
				D9ABBB702561610A00D8A421 /* VerticalStackView.swift in Sources */,
				D9C80F7C25643C4A0003FA0E /* AppsHeaderHorizontalController.swift in Sources */,
			);
			runOnlyForDeploymentPostprocessing = 0;
		};
/* End PBXSourcesBuildPhase section */

/* Begin PBXVariantGroup section */
		D9ABBB512561523100D8A421 /* Main.storyboard */ = {
			isa = PBXVariantGroup;
			children = (
				D9ABBB522561523100D8A421 /* Base */,
			);
			name = Main.storyboard;
			sourceTree = "<group>";
		};
		D9ABBB562561523100D8A421 /* LaunchScreen.storyboard */ = {
			isa = PBXVariantGroup;
			children = (
				D9ABBB572561523100D8A421 /* Base */,
			);
			name = LaunchScreen.storyboard;
			sourceTree = "<group>";
		};
/* End PBXVariantGroup section */

/* Begin XCBuildConfiguration section */
		D9ABBB5A2561523100D8A421 /* Debug */ = {
			isa = XCBuildConfiguration;
			buildSettings = {
				ALWAYS_SEARCH_USER_PATHS = NO;
				CLANG_ANALYZER_NONNULL = YES;
				CLANG_ANALYZER_NUMBER_OBJECT_CONVERSION = YES_AGGRESSIVE;
				CLANG_CXX_LANGUAGE_STANDARD = "gnu++14";
				CLANG_CXX_LIBRARY = "libc++";
				CLANG_ENABLE_MODULES = YES;
				CLANG_ENABLE_OBJC_ARC = YES;
				CLANG_ENABLE_OBJC_WEAK = YES;
				CLANG_WARN_BLOCK_CAPTURE_AUTORELEASING = YES;
				CLANG_WARN_BOOL_CONVERSION = YES;
				CLANG_WARN_COMMA = YES;
				CLANG_WARN_CONSTANT_CONVERSION = YES;
				CLANG_WARN_DEPRECATED_OBJC_IMPLEMENTATIONS = YES;
				CLANG_WARN_DIRECT_OBJC_ISA_USAGE = YES_ERROR;
				CLANG_WARN_DOCUMENTATION_COMMENTS = YES;
				CLANG_WARN_EMPTY_BODY = YES;
				CLANG_WARN_ENUM_CONVERSION = YES;
				CLANG_WARN_INFINITE_RECURSION = YES;
				CLANG_WARN_INT_CONVERSION = YES;
				CLANG_WARN_NON_LITERAL_NULL_CONVERSION = YES;
				CLANG_WARN_OBJC_IMPLICIT_RETAIN_SELF = YES;
				CLANG_WARN_OBJC_LITERAL_CONVERSION = YES;
				CLANG_WARN_OBJC_ROOT_CLASS = YES_ERROR;
				CLANG_WARN_QUOTED_INCLUDE_IN_FRAMEWORK_HEADER = YES;
				CLANG_WARN_RANGE_LOOP_ANALYSIS = YES;
				CLANG_WARN_STRICT_PROTOTYPES = YES;
				CLANG_WARN_SUSPICIOUS_MOVE = YES;
				CLANG_WARN_UNGUARDED_AVAILABILITY = YES_AGGRESSIVE;
				CLANG_WARN_UNREACHABLE_CODE = YES;
				CLANG_WARN__DUPLICATE_METHOD_MATCH = YES;
				COPY_PHASE_STRIP = NO;
				DEBUG_INFORMATION_FORMAT = dwarf;
				ENABLE_STRICT_OBJC_MSGSEND = YES;
				ENABLE_TESTABILITY = YES;
				GCC_C_LANGUAGE_STANDARD = gnu11;
				GCC_DYNAMIC_NO_PIC = NO;
				GCC_NO_COMMON_BLOCKS = YES;
				GCC_OPTIMIZATION_LEVEL = 0;
				GCC_PREPROCESSOR_DEFINITIONS = (
					"DEBUG=1",
					"$(inherited)",
				);
				GCC_WARN_64_TO_32_BIT_CONVERSION = YES;
				GCC_WARN_ABOUT_RETURN_TYPE = YES_ERROR;
				GCC_WARN_UNDECLARED_SELECTOR = YES;
				GCC_WARN_UNINITIALIZED_AUTOS = YES_AGGRESSIVE;
				GCC_WARN_UNUSED_FUNCTION = YES;
				GCC_WARN_UNUSED_VARIABLE = YES;
				IPHONEOS_DEPLOYMENT_TARGET = 13.0;
				MTL_ENABLE_DEBUG_INFO = INCLUDE_SOURCE;
				MTL_FAST_MATH = YES;
				ONLY_ACTIVE_ARCH = YES;
				SDKROOT = iphoneos;
				SWIFT_ACTIVE_COMPILATION_CONDITIONS = DEBUG;
				SWIFT_OPTIMIZATION_LEVEL = "-Onone";
			};
			name = Debug;
		};
		D9ABBB5B2561523100D8A421 /* Release */ = {
			isa = XCBuildConfiguration;
			buildSettings = {
				ALWAYS_SEARCH_USER_PATHS = NO;
				CLANG_ANALYZER_NONNULL = YES;
				CLANG_ANALYZER_NUMBER_OBJECT_CONVERSION = YES_AGGRESSIVE;
				CLANG_CXX_LANGUAGE_STANDARD = "gnu++14";
				CLANG_CXX_LIBRARY = "libc++";
				CLANG_ENABLE_MODULES = YES;
				CLANG_ENABLE_OBJC_ARC = YES;
				CLANG_ENABLE_OBJC_WEAK = YES;
				CLANG_WARN_BLOCK_CAPTURE_AUTORELEASING = YES;
				CLANG_WARN_BOOL_CONVERSION = YES;
				CLANG_WARN_COMMA = YES;
				CLANG_WARN_CONSTANT_CONVERSION = YES;
				CLANG_WARN_DEPRECATED_OBJC_IMPLEMENTATIONS = YES;
				CLANG_WARN_DIRECT_OBJC_ISA_USAGE = YES_ERROR;
				CLANG_WARN_DOCUMENTATION_COMMENTS = YES;
				CLANG_WARN_EMPTY_BODY = YES;
				CLANG_WARN_ENUM_CONVERSION = YES;
				CLANG_WARN_INFINITE_RECURSION = YES;
				CLANG_WARN_INT_CONVERSION = YES;
				CLANG_WARN_NON_LITERAL_NULL_CONVERSION = YES;
				CLANG_WARN_OBJC_IMPLICIT_RETAIN_SELF = YES;
				CLANG_WARN_OBJC_LITERAL_CONVERSION = YES;
				CLANG_WARN_OBJC_ROOT_CLASS = YES_ERROR;
				CLANG_WARN_QUOTED_INCLUDE_IN_FRAMEWORK_HEADER = YES;
				CLANG_WARN_RANGE_LOOP_ANALYSIS = YES;
				CLANG_WARN_STRICT_PROTOTYPES = YES;
				CLANG_WARN_SUSPICIOUS_MOVE = YES;
				CLANG_WARN_UNGUARDED_AVAILABILITY = YES_AGGRESSIVE;
				CLANG_WARN_UNREACHABLE_CODE = YES;
				CLANG_WARN__DUPLICATE_METHOD_MATCH = YES;
				COPY_PHASE_STRIP = NO;
				DEBUG_INFORMATION_FORMAT = "dwarf-with-dsym";
				ENABLE_NS_ASSERTIONS = NO;
				ENABLE_STRICT_OBJC_MSGSEND = YES;
				GCC_C_LANGUAGE_STANDARD = gnu11;
				GCC_NO_COMMON_BLOCKS = YES;
				GCC_WARN_64_TO_32_BIT_CONVERSION = YES;
				GCC_WARN_ABOUT_RETURN_TYPE = YES_ERROR;
				GCC_WARN_UNDECLARED_SELECTOR = YES;
				GCC_WARN_UNINITIALIZED_AUTOS = YES_AGGRESSIVE;
				GCC_WARN_UNUSED_FUNCTION = YES;
				GCC_WARN_UNUSED_VARIABLE = YES;
				IPHONEOS_DEPLOYMENT_TARGET = 13.0;
				MTL_ENABLE_DEBUG_INFO = NO;
				MTL_FAST_MATH = YES;
				SDKROOT = iphoneos;
				SWIFT_COMPILATION_MODE = wholemodule;
				SWIFT_OPTIMIZATION_LEVEL = "-O";
				VALIDATE_PRODUCT = YES;
			};
			name = Release;
		};
		D9ABBB5D2561523100D8A421 /* Debug */ = {
			isa = XCBuildConfiguration;
			baseConfigurationReference = 3817D3FFC92558AF237D056D /* Pods-AppStoreJSON.debug.xcconfig */;
			buildSettings = {
				ASSETCATALOG_COMPILER_APPICON_NAME = AppIcon;
				ASSETCATALOG_COMPILER_GLOBAL_ACCENT_COLOR_NAME = AccentColor;
				CODE_SIGN_STYLE = Automatic;
				DEVELOPMENT_TEAM = 4A7J823U6W;
				INFOPLIST_FILE = AppStoreJSON/Info.plist;
				LD_RUNPATH_SEARCH_PATHS = (
					"$(inherited)",
					"@executable_path/Frameworks",
				);
				PRODUCT_BUNDLE_IDENTIFIER = "Saad-Sherif.AppStoreJSON";
				PRODUCT_NAME = "$(TARGET_NAME)";
				SWIFT_VERSION = 5.0;
				TARGETED_DEVICE_FAMILY = "1,2";
			};
			name = Debug;
		};
		D9ABBB5E2561523100D8A421 /* Release */ = {
			isa = XCBuildConfiguration;
			baseConfigurationReference = ECA1DB0C3CE007525580D644 /* Pods-AppStoreJSON.release.xcconfig */;
			buildSettings = {
				ASSETCATALOG_COMPILER_APPICON_NAME = AppIcon;
				ASSETCATALOG_COMPILER_GLOBAL_ACCENT_COLOR_NAME = AccentColor;
				CODE_SIGN_STYLE = Automatic;
				DEVELOPMENT_TEAM = 4A7J823U6W;
				INFOPLIST_FILE = AppStoreJSON/Info.plist;
				LD_RUNPATH_SEARCH_PATHS = (
					"$(inherited)",
					"@executable_path/Frameworks",
				);
				PRODUCT_BUNDLE_IDENTIFIER = "Saad-Sherif.AppStoreJSON";
				PRODUCT_NAME = "$(TARGET_NAME)";
				SWIFT_VERSION = 5.0;
				TARGETED_DEVICE_FAMILY = "1,2";
			};
			name = Release;
		};
/* End XCBuildConfiguration section */

/* Begin XCConfigurationList section */
		D9ABBB432561523100D8A421 /* Build configuration list for PBXProject "AppStoreJSON" */ = {
			isa = XCConfigurationList;
			buildConfigurations = (
				D9ABBB5A2561523100D8A421 /* Debug */,
				D9ABBB5B2561523100D8A421 /* Release */,
			);
			defaultConfigurationIsVisible = 0;
			defaultConfigurationName = Release;
		};
		D9ABBB5C2561523100D8A421 /* Build configuration list for PBXNativeTarget "AppStoreJSON" */ = {
			isa = XCConfigurationList;
			buildConfigurations = (
				D9ABBB5D2561523100D8A421 /* Debug */,
				D9ABBB5E2561523100D8A421 /* Release */,
			);
			defaultConfigurationIsVisible = 0;
			defaultConfigurationName = Release;
		};
/* End XCConfigurationList section */
	};
	rootObject = D9ABBB402561523100D8A421 /* Project object */;
}
